
Microsoft Visual Studio Solution File, Format Version 12.00
# Visual Studio Version 16
VisualStudioVersion = 16.0.30114.105
MinimumVisualStudioVersion = 10.0.40219.1
Project("{FAE04EC0-301F-11D3-BF4B-00C04F79EFBC}") = "OláMundo(WindowsForm)", "OláMundo(WindowsForm).csproj", "{18EAD9E6-DF87-46C6-AC78-78D8425E68FC}"
EndProject
Global
	GlobalSection(SolutionConfigurationPlatforms) = preSolution
		Debug|Any CPU = Debug|Any CPU
		Release|Any CPU = Release|Any CPU
	EndGlobalSection
	GlobalSection(ProjectConfigurationPlatforms) = postSolution
		{18EAD9E6-DF87-46C6-AC78-78D8425E68FC}.Debug|Any CPU.ActiveCfg = Debug|Any CPU
		{18EAD9E6-DF87-46C6-AC78-78D8425E68FC}.Debug|Any CPU.Build.0 = Debug|Any CPU
		{18EAD9E6-DF87-46C6-AC78-78D8425E68FC}.Release|Any CPU.ActiveCfg = Release|Any CPU
		{18EAD9E6-DF87-46C6-AC78-78D8425E68FC}.Release|Any CPU.Build.0 = Release|Any CPU
	EndGlobalSection
	GlobalSection(SolutionProperties) = preSolution
		HideSolutionNode = FALSE
	EndGlobalSection
	GlobalSection(ExtensibilityGlobals) = postSolution
		SolutionGuid = {3626F846-7AA4-443D-8343-647D5AA6D604}
	EndGlobalSection
EndGlobal
